// !$*UTF8*$!
{
	archiveVersion = 1;
	classes = {
	};
	objectVersion = 50;
	objects = {

/* Begin PBXBuildFile section */
		30B665F2237AEF6100AC85C3 /* AppDelegate.swift in Sources */ = {isa = PBXBuildFile; fileRef = 30B665F1237AEF6100AC85C3 /* AppDelegate.swift */; };
		30B665F4237AEF6100AC85C3 /* SceneDelegate.swift in Sources */ = {isa = PBXBuildFile; fileRef = 30B665F3237AEF6100AC85C3 /* SceneDelegate.swift */; };
		30B665F8237AEF6300AC85C3 /* Assets.xcassets in Resources */ = {isa = PBXBuildFile; fileRef = 30B665F7237AEF6300AC85C3 /* Assets.xcassets */; };
		30B665FB237AEF6300AC85C3 /* Preview Assets.xcassets in Resources */ = {isa = PBXBuildFile; fileRef = 30B665FA237AEF6300AC85C3 /* Preview Assets.xcassets */; };
		30B665FE237AEF6300AC85C3 /* LaunchScreen.storyboard in Resources */ = {isa = PBXBuildFile; fileRef = 30B665FC237AEF6300AC85C3 /* LaunchScreen.storyboard */; };
		30B66609237AEF6300AC85C3 /* OMDbAppTests.swift in Sources */ = {isa = PBXBuildFile; fileRef = 30B66608237AEF6300AC85C3 /* OMDbAppTests.swift */; };
		30B66615237AF19200AC85C3 /* SearchMoviesView.swift in Sources */ = {isa = PBXBuildFile; fileRef = 30B66614237AF19200AC85C3 /* SearchMoviesView.swift */; };
		30B66617237AF1B600AC85C3 /* SearchMoviesViewModel.swift in Sources */ = {isa = PBXBuildFile; fileRef = 30B66616237AF1B600AC85C3 /* SearchMoviesViewModel.swift */; };
		30B66619237AF27600AC85C3 /* MovieRowViewModel.swift in Sources */ = {isa = PBXBuildFile; fileRef = 30B66618237AF27600AC85C3 /* MovieRowViewModel.swift */; };
		30B6661C237AF48A00AC85C3 /* Responses.swift in Sources */ = {isa = PBXBuildFile; fileRef = 30B6661B237AF48A00AC85C3 /* Responses.swift */; };
		30B6661E237AF4A300AC85C3 /* MovieFetcher.swift in Sources */ = {isa = PBXBuildFile; fileRef = 30B6661D237AF4A300AC85C3 /* MovieFetcher.swift */; };
		30B66620237AF4B200AC85C3 /* MovieError.swift in Sources */ = {isa = PBXBuildFile; fileRef = 30B6661F237AF4B200AC85C3 /* MovieError.swift */; };
		30B66622237AFA7700AC85C3 /* MovieRow.swift in Sources */ = {isa = PBXBuildFile; fileRef = 30B66621237AFA7700AC85C3 /* MovieRow.swift */; };
		30B66624237AFDF200AC85C3 /* SearchMoviesBuilder.swift in Sources */ = {isa = PBXBuildFile; fileRef = 30B66623237AFDF200AC85C3 /* SearchMoviesBuilder.swift */; };
		30B66628237B038300AC85C3 /* Parsing.swift in Sources */ = {isa = PBXBuildFile; fileRef = 30B66627237B038300AC85C3 /* Parsing.swift */; };
		30B6662B237B059E00AC85C3 /* CurrentMovieView.swift in Sources */ = {isa = PBXBuildFile; fileRef = 30B6662A237B059E00AC85C3 /* CurrentMovieView.swift */; };
		30B6662D237B060A00AC85C3 /* CurrentMovieViewModel.swift in Sources */ = {isa = PBXBuildFile; fileRef = 30B6662C237B060A00AC85C3 /* CurrentMovieViewModel.swift */; };
		30B6662F237B069100AC85C3 /* CurrentMovieRowViewModel.swift in Sources */ = {isa = PBXBuildFile; fileRef = 30B6662E237B069100AC85C3 /* CurrentMovieRowViewModel.swift */; };
		30B66631237B07C500AC85C3 /* CurrentMovieRow.swift in Sources */ = {isa = PBXBuildFile; fileRef = 30B66630237B07C500AC85C3 /* CurrentMovieRow.swift */; };
/* End PBXBuildFile section */

/* Begin PBXContainerItemProxy section */
		30B66605237AEF6300AC85C3 /* PBXContainerItemProxy */ = {
			isa = PBXContainerItemProxy;
			containerPortal = 30B665E6237AEF6100AC85C3 /* Project object */;
			proxyType = 1;
			remoteGlobalIDString = 30B665ED237AEF6100AC85C3;
			remoteInfo = OMDbApp;
		};
/* End PBXContainerItemProxy section */

/* Begin PBXFileReference section */
		30B665EE237AEF6100AC85C3 /* OMDbApp.app */ = {isa = PBXFileReference; explicitFileType = wrapper.application; includeInIndex = 0; path = OMDbApp.app; sourceTree = BUILT_PRODUCTS_DIR; };
		30B665F1237AEF6100AC85C3 /* AppDelegate.swift */ = {isa = PBXFileReference; lastKnownFileType = sourcecode.swift; path = AppDelegate.swift; sourceTree = "<group>"; };
		30B665F3237AEF6100AC85C3 /* SceneDelegate.swift */ = {isa = PBXFileReference; lastKnownFileType = sourcecode.swift; path = SceneDelegate.swift; sourceTree = "<group>"; };
		30B665F7237AEF6300AC85C3 /* Assets.xcassets */ = {isa = PBXFileReference; lastKnownFileType = folder.assetcatalog; path = Assets.xcassets; sourceTree = "<group>"; };
		30B665FA237AEF6300AC85C3 /* Preview Assets.xcassets */ = {isa = PBXFileReference; lastKnownFileType = folder.assetcatalog; path = "Preview Assets.xcassets"; sourceTree = "<group>"; };
		30B665FD237AEF6300AC85C3 /* Base */ = {isa = PBXFileReference; lastKnownFileType = file.storyboard; name = Base; path = Base.lproj/LaunchScreen.storyboard; sourceTree = "<group>"; };
		30B665FF237AEF6300AC85C3 /* Info.plist */ = {isa = PBXFileReference; lastKnownFileType = text.plist.xml; path = Info.plist; sourceTree = "<group>"; };
		30B66604237AEF6300AC85C3 /* OMDbAppTests.xctest */ = {isa = PBXFileReference; explicitFileType = wrapper.cfbundle; includeInIndex = 0; path = OMDbAppTests.xctest; sourceTree = BUILT_PRODUCTS_DIR; };
		30B66608237AEF6300AC85C3 /* OMDbAppTests.swift */ = {isa = PBXFileReference; lastKnownFileType = sourcecode.swift; path = OMDbAppTests.swift; sourceTree = "<group>"; };
		30B6660A237AEF6300AC85C3 /* Info.plist */ = {isa = PBXFileReference; lastKnownFileType = text.plist.xml; path = Info.plist; sourceTree = "<group>"; };
		30B66614237AF19200AC85C3 /* SearchMoviesView.swift */ = {isa = PBXFileReference; lastKnownFileType = sourcecode.swift; path = SearchMoviesView.swift; sourceTree = "<group>"; };
		30B66616237AF1B600AC85C3 /* SearchMoviesViewModel.swift */ = {isa = PBXFileReference; lastKnownFileType = sourcecode.swift; path = SearchMoviesViewModel.swift; sourceTree = "<group>"; };
		30B66618237AF27600AC85C3 /* MovieRowViewModel.swift */ = {isa = PBXFileReference; lastKnownFileType = sourcecode.swift; path = MovieRowViewModel.swift; sourceTree = "<group>"; };
		30B6661B237AF48A00AC85C3 /* Responses.swift */ = {isa = PBXFileReference; lastKnownFileType = sourcecode.swift; path = Responses.swift; sourceTree = "<group>"; };
		30B6661D237AF4A300AC85C3 /* MovieFetcher.swift */ = {isa = PBXFileReference; lastKnownFileType = sourcecode.swift; path = MovieFetcher.swift; sourceTree = "<group>"; };
		30B6661F237AF4B200AC85C3 /* MovieError.swift */ = {isa = PBXFileReference; lastKnownFileType = sourcecode.swift; path = MovieError.swift; sourceTree = "<group>"; };
		30B66621237AFA7700AC85C3 /* MovieRow.swift */ = {isa = PBXFileReference; lastKnownFileType = sourcecode.swift; path = MovieRow.swift; sourceTree = "<group>"; };
		30B66623237AFDF200AC85C3 /* SearchMoviesBuilder.swift */ = {isa = PBXFileReference; lastKnownFileType = sourcecode.swift; path = SearchMoviesBuilder.swift; sourceTree = "<group>"; };
		30B66627237B038300AC85C3 /* Parsing.swift */ = {isa = PBXFileReference; lastKnownFileType = sourcecode.swift; path = Parsing.swift; sourceTree = "<group>"; };
		30B6662A237B059E00AC85C3 /* CurrentMovieView.swift */ = {isa = PBXFileReference; lastKnownFileType = sourcecode.swift; path = CurrentMovieView.swift; sourceTree = "<group>"; };
		30B6662C237B060A00AC85C3 /* CurrentMovieViewModel.swift */ = {isa = PBXFileReference; lastKnownFileType = sourcecode.swift; path = CurrentMovieViewModel.swift; sourceTree = "<group>"; };
		30B6662E237B069100AC85C3 /* CurrentMovieRowViewModel.swift */ = {isa = PBXFileReference; lastKnownFileType = sourcecode.swift; path = CurrentMovieRowViewModel.swift; sourceTree = "<group>"; };
		30B66630237B07C500AC85C3 /* CurrentMovieRow.swift */ = {isa = PBXFileReference; lastKnownFileType = sourcecode.swift; path = CurrentMovieRow.swift; sourceTree = "<group>"; };
/* End PBXFileReference section */

/* Begin PBXFrameworksBuildPhase section */
		30B665EB237AEF6100AC85C3 /* Frameworks */ = {
			isa = PBXFrameworksBuildPhase;
			buildActionMask = 2147483647;
			files = (
			);
			runOnlyForDeploymentPostprocessing = 0;
		};
		30B66601237AEF6300AC85C3 /* Frameworks */ = {
			isa = PBXFrameworksBuildPhase;
			buildActionMask = 2147483647;
			files = (
			);
			runOnlyForDeploymentPostprocessing = 0;
		};
/* End PBXFrameworksBuildPhase section */

/* Begin PBXGroup section */
		30B665E5237AEF6100AC85C3 = {
			isa = PBXGroup;
			children = (
				30B665F0237AEF6100AC85C3 /* OMDbApp */,
				30B66607237AEF6300AC85C3 /* OMDbAppTests */,
				30B665EF237AEF6100AC85C3 /* Products */,
			);
			sourceTree = "<group>";
		};
		30B665EF237AEF6100AC85C3 /* Products */ = {
			isa = PBXGroup;
			children = (
				30B665EE237AEF6100AC85C3 /* OMDbApp.app */,
				30B66604237AEF6300AC85C3 /* OMDbAppTests.xctest */,
			);
			name = Products;
			sourceTree = "<group>";
		};
		30B665F0237AEF6100AC85C3 /* OMDbApp */ = {
			isa = PBXGroup;
			children = (
				30B66625237B035B00AC85C3 /* Utils */,
				30B66613237AF14300AC85C3 /* SearchMovies */,
				30B66629237B057C00AC85C3 /* CurrentMovie */,
				30B6661A237AF46100AC85C3 /* OMDbAPI */,
				30B665F1237AEF6100AC85C3 /* AppDelegate.swift */,
				30B665F3237AEF6100AC85C3 /* SceneDelegate.swift */,
				30B665F7237AEF6300AC85C3 /* Assets.xcassets */,
				30B665FC237AEF6300AC85C3 /* LaunchScreen.storyboard */,
				30B665FF237AEF6300AC85C3 /* Info.plist */,
				30B665F9237AEF6300AC85C3 /* Preview Content */,
			);
			path = OMDbApp;
			sourceTree = "<group>";
		};
		30B665F9237AEF6300AC85C3 /* Preview Content */ = {
			isa = PBXGroup;
			children = (
				30B665FA237AEF6300AC85C3 /* Preview Assets.xcassets */,
			);
			path = "Preview Content";
			sourceTree = "<group>";
		};
		30B66607237AEF6300AC85C3 /* OMDbAppTests */ = {
			isa = PBXGroup;
			children = (
				30B66608237AEF6300AC85C3 /* OMDbAppTests.swift */,
				30B6660A237AEF6300AC85C3 /* Info.plist */,
			);
			path = OMDbAppTests;
			sourceTree = "<group>";
		};
		30B66613237AF14300AC85C3 /* SearchMovies */ = {
			isa = PBXGroup;
			children = (
				30B66614237AF19200AC85C3 /* SearchMoviesView.swift */,
				30B66616237AF1B600AC85C3 /* SearchMoviesViewModel.swift */,
				30B66621237AFA7700AC85C3 /* MovieRow.swift */,
				30B66618237AF27600AC85C3 /* MovieRowViewModel.swift */,
				30B66623237AFDF200AC85C3 /* SearchMoviesBuilder.swift */,
			);
			path = SearchMovies;
			sourceTree = "<group>";
		};
		30B6661A237AF46100AC85C3 /* OMDbAPI */ = {
			isa = PBXGroup;
			children = (
				30B6661B237AF48A00AC85C3 /* Responses.swift */,
				30B6661D237AF4A300AC85C3 /* MovieFetcher.swift */,
				30B6661F237AF4B200AC85C3 /* MovieError.swift */,
			);
			path = OMDbAPI;
			sourceTree = "<group>";
		};
		30B66625237B035B00AC85C3 /* Utils */ = {
			isa = PBXGroup;
			children = (
				30B66626237B036D00AC85C3 /* Parsing */,
			);
			path = Utils;
			sourceTree = "<group>";
		};
		30B66626237B036D00AC85C3 /* Parsing */ = {
			isa = PBXGroup;
			children = (
				30B66627237B038300AC85C3 /* Parsing.swift */,
			);
			path = Parsing;
			sourceTree = "<group>";
		};
		30B66629237B057C00AC85C3 /* CurrentMovie */ = {
			isa = PBXGroup;
			children = (
				30B6662A237B059E00AC85C3 /* CurrentMovieView.swift */,
				30B6662C237B060A00AC85C3 /* CurrentMovieViewModel.swift */,
				30B6662E237B069100AC85C3 /* CurrentMovieRowViewModel.swift */,
				30B66630237B07C500AC85C3 /* CurrentMovieRow.swift */,
			);
			path = CurrentMovie;
			sourceTree = "<group>";
		};
/* End PBXGroup section */

/* Begin PBXNativeTarget section */
		30B665ED237AEF6100AC85C3 /* OMDbApp */ = {
			isa = PBXNativeTarget;
			buildConfigurationList = 30B6660D237AEF6300AC85C3 /* Build configuration list for PBXNativeTarget "OMDbApp" */;
			buildPhases = (
				30B665EA237AEF6100AC85C3 /* Sources */,
				30B665EB237AEF6100AC85C3 /* Frameworks */,
				30B665EC237AEF6100AC85C3 /* Resources */,
			);
			buildRules = (
			);
			dependencies = (
			);
			name = OMDbApp;
			productName = OMDbApp;
			productReference = 30B665EE237AEF6100AC85C3 /* OMDbApp.app */;
			productType = "com.apple.product-type.application";
		};
		30B66603237AEF6300AC85C3 /* OMDbAppTests */ = {
			isa = PBXNativeTarget;
			buildConfigurationList = 30B66610237AEF6300AC85C3 /* Build configuration list for PBXNativeTarget "OMDbAppTests" */;
			buildPhases = (
				30B66600237AEF6300AC85C3 /* Sources */,
				30B66601237AEF6300AC85C3 /* Frameworks */,
				30B66602237AEF6300AC85C3 /* Resources */,
			);
			buildRules = (
			);
			dependencies = (
				30B66606237AEF6300AC85C3 /* PBXTargetDependency */,
			);
			name = OMDbAppTests;
			productName = OMDbAppTests;
			productReference = 30B66604237AEF6300AC85C3 /* OMDbAppTests.xctest */;
			productType = "com.apple.product-type.bundle.unit-test";
		};
/* End PBXNativeTarget section */

/* Begin PBXProject section */
		30B665E6237AEF6100AC85C3 /* Project object */ = {
			isa = PBXProject;
			attributes = {
				LastSwiftUpdateCheck = 1120;
				LastUpgradeCheck = 1120;
				ORGANIZATIONNAME = "Oscar Rodriguez Garrucho";
				TargetAttributes = {
					30B665ED237AEF6100AC85C3 = {
						CreatedOnToolsVersion = 11.2.1;
					};
					30B66603237AEF6300AC85C3 = {
						CreatedOnToolsVersion = 11.2.1;
						TestTargetID = 30B665ED237AEF6100AC85C3;
					};
				};
			};
			buildConfigurationList = 30B665E9237AEF6100AC85C3 /* Build configuration list for PBXProject "OMDbApp" */;
			compatibilityVersion = "Xcode 9.3";
			developmentRegion = en;
			hasScannedForEncodings = 0;
			knownRegions = (
				en,
				Base,
			);
			mainGroup = 30B665E5237AEF6100AC85C3;
			productRefGroup = 30B665EF237AEF6100AC85C3 /* Products */;
			projectDirPath = "";
			projectRoot = "";
			targets = (
				30B665ED237AEF6100AC85C3 /* OMDbApp */,
				30B66603237AEF6300AC85C3 /* OMDbAppTests */,
			);
		};
/* End PBXProject section */

/* Begin PBXResourcesBuildPhase section */
		30B665EC237AEF6100AC85C3 /* Resources */ = {
			isa = PBXResourcesBuildPhase;
			buildActionMask = 2147483647;
			files = (
				30B665FE237AEF6300AC85C3 /* LaunchScreen.storyboard in Resources */,
				30B665FB237AEF6300AC85C3 /* Preview Assets.xcassets in Resources */,
				30B665F8237AEF6300AC85C3 /* Assets.xcassets in Resources */,
			);
			runOnlyForDeploymentPostprocessing = 0;
		};
		30B66602237AEF6300AC85C3 /* Resources */ = {
			isa = PBXResourcesBuildPhase;
			buildActionMask = 2147483647;
			files = (
			);
			runOnlyForDeploymentPostprocessing = 0;
		};
/* End PBXResourcesBuildPhase section */

/* Begin PBXSourcesBuildPhase section */
		30B665EA237AEF6100AC85C3 /* Sources */ = {
			isa = PBXSourcesBuildPhase;
			buildActionMask = 2147483647;
			files = (
				30B665F2237AEF6100AC85C3 /* AppDelegate.swift in Sources */,
				30B66622237AFA7700AC85C3 /* MovieRow.swift in Sources */,
				30B6662F237B069100AC85C3 /* CurrentMovieRowViewModel.swift in Sources */,
				30B66615237AF19200AC85C3 /* SearchMoviesView.swift in Sources */,
				30B6662D237B060A00AC85C3 /* CurrentMovieViewModel.swift in Sources */,
				30B6662B237B059E00AC85C3 /* CurrentMovieView.swift in Sources */,
				30B665F4237AEF6100AC85C3 /* SceneDelegate.swift in Sources */,
				30B66628237B038300AC85C3 /* Parsing.swift in Sources */,
				30B66620237AF4B200AC85C3 /* MovieError.swift in Sources */,
				30B66619237AF27600AC85C3 /* MovieRowViewModel.swift in Sources */,
				30B66631237B07C500AC85C3 /* CurrentMovieRow.swift in Sources */,
				30B6661C237AF48A00AC85C3 /* Responses.swift in Sources */,
				30B66624237AFDF200AC85C3 /* SearchMoviesBuilder.swift in Sources */,
				30B6661E237AF4A300AC85C3 /* MovieFetcher.swift in Sources */,
				30B66617237AF1B600AC85C3 /* SearchMoviesViewModel.swift in Sources */,
			);
			runOnlyForDeploymentPostprocessing = 0;
		};
		30B66600237AEF6300AC85C3 /* Sources */ = {
			isa = PBXSourcesBuildPhase;
			buildActionMask = 2147483647;
			files = (
				30B66609237AEF6300AC85C3 /* OMDbAppTests.swift in Sources */,
			);
			runOnlyForDeploymentPostprocessing = 0;
		};
/* End PBXSourcesBuildPhase section */

/* Begin PBXTargetDependency section */
		30B66606237AEF6300AC85C3 /* PBXTargetDependency */ = {
			isa = PBXTargetDependency;
			target = 30B665ED237AEF6100AC85C3 /* OMDbApp */;
			targetProxy = 30B66605237AEF6300AC85C3 /* PBXContainerItemProxy */;
		};
/* End PBXTargetDependency section */

/* Begin PBXVariantGroup section */
		30B665FC237AEF6300AC85C3 /* LaunchScreen.storyboard */ = {
			isa = PBXVariantGroup;
			children = (
				30B665FD237AEF6300AC85C3 /* Base */,
			);
			name = LaunchScreen.storyboard;
			sourceTree = "<group>";
		};
/* End PBXVariantGroup section */

/* Begin XCBuildConfiguration section */
		30B6660B237AEF6300AC85C3 /* Debug */ = {
			isa = XCBuildConfiguration;
			buildSettings = {
				ALWAYS_SEARCH_USER_PATHS = NO;
				CLANG_ANALYZER_NONNULL = YES;
				CLANG_ANALYZER_NUMBER_OBJECT_CONVERSION = YES_AGGRESSIVE;
				CLANG_CXX_LANGUAGE_STANDARD = "gnu++14";
				CLANG_CXX_LIBRARY = "libc++";
				CLANG_ENABLE_MODULES = YES;
				CLANG_ENABLE_OBJC_ARC = YES;
				CLANG_ENABLE_OBJC_WEAK = YES;
				CLANG_WARN_BLOCK_CAPTURE_AUTORELEASING = YES;
				CLANG_WARN_BOOL_CONVERSION = YES;
				CLANG_WARN_COMMA = YES;
				CLANG_WARN_CONSTANT_CONVERSION = YES;
				CLANG_WARN_DEPRECATED_OBJC_IMPLEMENTATIONS = YES;
				CLANG_WARN_DIRECT_OBJC_ISA_USAGE = YES_ERROR;
				CLANG_WARN_DOCUMENTATION_COMMENTS = YES;
				CLANG_WARN_EMPTY_BODY = YES;
				CLANG_WARN_ENUM_CONVERSION = YES;
				CLANG_WARN_INFINITE_RECURSION = YES;
				CLANG_WARN_INT_CONVERSION = YES;
				CLANG_WARN_NON_LITERAL_NULL_CONVERSION = YES;
				CLANG_WARN_OBJC_IMPLICIT_RETAIN_SELF = YES;
				CLANG_WARN_OBJC_LITERAL_CONVERSION = YES;
				CLANG_WARN_OBJC_ROOT_CLASS = YES_ERROR;
				CLANG_WARN_RANGE_LOOP_ANALYSIS = YES;
				CLANG_WARN_STRICT_PROTOTYPES = YES;
				CLANG_WARN_SUSPICIOUS_MOVE = YES;
				CLANG_WARN_UNGUARDED_AVAILABILITY = YES_AGGRESSIVE;
				CLANG_WARN_UNREACHABLE_CODE = YES;
				CLANG_WARN__DUPLICATE_METHOD_MATCH = YES;
				COPY_PHASE_STRIP = NO;
				DEBUG_INFORMATION_FORMAT = dwarf;
				ENABLE_STRICT_OBJC_MSGSEND = YES;
				ENABLE_TESTABILITY = YES;
				GCC_C_LANGUAGE_STANDARD = gnu11;
				GCC_DYNAMIC_NO_PIC = NO;
				GCC_NO_COMMON_BLOCKS = YES;
				GCC_OPTIMIZATION_LEVEL = 0;
				GCC_PREPROCESSOR_DEFINITIONS = (
					"DEBUG=1",
					"$(inherited)",
				);
				GCC_WARN_64_TO_32_BIT_CONVERSION = YES;
				GCC_WARN_ABOUT_RETURN_TYPE = YES_ERROR;
				GCC_WARN_UNDECLARED_SELECTOR = YES;
				GCC_WARN_UNINITIALIZED_AUTOS = YES_AGGRESSIVE;
				GCC_WARN_UNUSED_FUNCTION = YES;
				GCC_WARN_UNUSED_VARIABLE = YES;
				IPHONEOS_DEPLOYMENT_TARGET = 13.2;
				MTL_ENABLE_DEBUG_INFO = INCLUDE_SOURCE;
				MTL_FAST_MATH = YES;
				ONLY_ACTIVE_ARCH = YES;
				SDKROOT = iphoneos;
				SWIFT_ACTIVE_COMPILATION_CONDITIONS = DEBUG;
				SWIFT_OPTIMIZATION_LEVEL = "-Onone";
			};
			name = Debug;
		};
		30B6660C237AEF6300AC85C3 /* Release */ = {
			isa = XCBuildConfiguration;
			buildSettings = {
				ALWAYS_SEARCH_USER_PATHS = NO;
				CLANG_ANALYZER_NONNULL = YES;
				CLANG_ANALYZER_NUMBER_OBJECT_CONVERSION = YES_AGGRESSIVE;
				CLANG_CXX_LANGUAGE_STANDARD = "gnu++14";
				CLANG_CXX_LIBRARY = "libc++";
				CLANG_ENABLE_MODULES = YES;
				CLANG_ENABLE_OBJC_ARC = YES;
				CLANG_ENABLE_OBJC_WEAK = YES;
				CLANG_WARN_BLOCK_CAPTURE_AUTORELEASING = YES;
				CLANG_WARN_BOOL_CONVERSION = YES;
				CLANG_WARN_COMMA = YES;
				CLANG_WARN_CONSTANT_CONVERSION = YES;
				CLANG_WARN_DEPRECATED_OBJC_IMPLEMENTATIONS = YES;
				CLANG_WARN_DIRECT_OBJC_ISA_USAGE = YES_ERROR;
				CLANG_WARN_DOCUMENTATION_COMMENTS = YES;
				CLANG_WARN_EMPTY_BODY = YES;
				CLANG_WARN_ENUM_CONVERSION = YES;
				CLANG_WARN_INFINITE_RECURSION = YES;
				CLANG_WARN_INT_CONVERSION = YES;
				CLANG_WARN_NON_LITERAL_NULL_CONVERSION = YES;
				CLANG_WARN_OBJC_IMPLICIT_RETAIN_SELF = YES;
				CLANG_WARN_OBJC_LITERAL_CONVERSION = YES;
				CLANG_WARN_OBJC_ROOT_CLASS = YES_ERROR;
				CLANG_WARN_RANGE_LOOP_ANALYSIS = YES;
				CLANG_WARN_STRICT_PROTOTYPES = YES;
				CLANG_WARN_SUSPICIOUS_MOVE = YES;
				CLANG_WARN_UNGUARDED_AVAILABILITY = YES_AGGRESSIVE;
				CLANG_WARN_UNREACHABLE_CODE = YES;
				CLANG_WARN__DUPLICATE_METHOD_MATCH = YES;
				COPY_PHASE_STRIP = NO;
				DEBUG_INFORMATION_FORMAT = "dwarf-with-dsym";
				ENABLE_NS_ASSERTIONS = NO;
				ENABLE_STRICT_OBJC_MSGSEND = YES;
				GCC_C_LANGUAGE_STANDARD = gnu11;
				GCC_NO_COMMON_BLOCKS = YES;
				GCC_WARN_64_TO_32_BIT_CONVERSION = YES;
				GCC_WARN_ABOUT_RETURN_TYPE = YES_ERROR;
				GCC_WARN_UNDECLARED_SELECTOR = YES;
				GCC_WARN_UNINITIALIZED_AUTOS = YES_AGGRESSIVE;
				GCC_WARN_UNUSED_FUNCTION = YES;
				GCC_WARN_UNUSED_VARIABLE = YES;
				IPHONEOS_DEPLOYMENT_TARGET = 13.2;
				MTL_ENABLE_DEBUG_INFO = NO;
				MTL_FAST_MATH = YES;
				SDKROOT = iphoneos;
				SWIFT_COMPILATION_MODE = wholemodule;
				SWIFT_OPTIMIZATION_LEVEL = "-O";
				VALIDATE_PRODUCT = YES;
			};
			name = Release;
		};
		30B6660E237AEF6300AC85C3 /* Debug */ = {
			isa = XCBuildConfiguration;
			buildSettings = {
				ASSETCATALOG_COMPILER_APPICON_NAME = AppIcon;
				CODE_SIGN_STYLE = Automatic;
				DEVELOPMENT_ASSET_PATHS = "\"OMDbApp/Preview Content\"";
				DEVELOPMENT_TEAM = 934NVR3K3Z;
				ENABLE_PREVIEWS = YES;
				INFOPLIST_FILE = OMDbApp/Info.plist;
				LD_RUNPATH_SEARCH_PATHS = (
					"$(inherited)",
					"@executable_path/Frameworks",
				);
				PRODUCT_BUNDLE_IDENTIFIER = org.OMDbApp;
				PRODUCT_NAME = "$(TARGET_NAME)";
				SWIFT_VERSION = 5.0;
				TARGETED_DEVICE_FAMILY = "1,2";
			};
			name = Debug;
		};
		30B6660F237AEF6300AC85C3 /* Release */ = {
			isa = XCBuildConfiguration;
			buildSettings = {
				ASSETCATALOG_COMPILER_APPICON_NAME = AppIcon;
				CODE_SIGN_STYLE = Automatic;
				DEVELOPMENT_ASSET_PATHS = "\"OMDbApp/Preview Content\"";
				DEVELOPMENT_TEAM = 934NVR3K3Z;
				ENABLE_PREVIEWS = YES;
				INFOPLIST_FILE = OMDbApp/Info.plist;
				LD_RUNPATH_SEARCH_PATHS = (
					"$(inherited)",
					"@executable_path/Frameworks",
				);
				PRODUCT_BUNDLE_IDENTIFIER = org.OMDbApp;
				PRODUCT_NAME = "$(TARGET_NAME)";
				SWIFT_VERSION = 5.0;
				TARGETED_DEVICE_FAMILY = "1,2";
			};
			name = Release;
		};
		30B66611237AEF6300AC85C3 /* Debug */ = {
			isa = XCBuildConfiguration;
			buildSettings = {
				ALWAYS_EMBED_SWIFT_STANDARD_LIBRARIES = YES;
				BUNDLE_LOADER = "$(TEST_HOST)";
				CODE_SIGN_STYLE = Automatic;
				DEVELOPMENT_TEAM = 934NVR3K3Z;
				INFOPLIST_FILE = OMDbAppTests/Info.plist;
				IPHONEOS_DEPLOYMENT_TARGET = 13.2;
				LD_RUNPATH_SEARCH_PATHS = (
					"$(inherited)",
					"@executable_path/Frameworks",
					"@loader_path/Frameworks",
				);
				PRODUCT_BUNDLE_IDENTIFIER = org.OMDbAppTests;
				PRODUCT_NAME = "$(TARGET_NAME)";
				SWIFT_VERSION = 5.0;
				TARGETED_DEVICE_FAMILY = "1,2";
				TEST_HOST = "$(BUILT_PRODUCTS_DIR)/OMDbApp.app/OMDbApp";
			};
			name = Debug;
		};
		30B66612237AEF6300AC85C3 /* Release */ = {
			isa = XCBuildConfiguration;
			buildSettings = {
				ALWAYS_EMBED_SWIFT_STANDARD_LIBRARIES = YES;
				BUNDLE_LOADER = "$(TEST_HOST)";
				CODE_SIGN_STYLE = Automatic;
				DEVELOPMENT_TEAM = 934NVR3K3Z;
				INFOPLIST_FILE = OMDbAppTests/Info.plist;
				IPHONEOS_DEPLOYMENT_TARGET = 13.2;
				LD_RUNPATH_SEARCH_PATHS = (
					"$(inherited)",
					"@executable_path/Frameworks",
					"@loader_path/Frameworks",
				);
				PRODUCT_BUNDLE_IDENTIFIER = org.OMDbAppTests;
				PRODUCT_NAME = "$(TARGET_NAME)";
				SWIFT_VERSION = 5.0;
				TARGETED_DEVICE_FAMILY = "1,2";
				TEST_HOST = "$(BUILT_PRODUCTS_DIR)/OMDbApp.app/OMDbApp";
			};
			name = Release;
		};
/* End XCBuildConfiguration section */

/* Begin XCConfigurationList section */
		30B665E9237AEF6100AC85C3 /* Build configuration list for PBXProject "OMDbApp" */ = {
			isa = XCConfigurationList;
			buildConfigurations = (
				30B6660B237AEF6300AC85C3 /* Debug */,
				30B6660C237AEF6300AC85C3 /* Release */,
			);
			defaultConfigurationIsVisible = 0;
			defaultConfigurationName = Release;
		};
		30B6660D237AEF6300AC85C3 /* Build configuration list for PBXNativeTarget "OMDbApp" */ = {
			isa = XCConfigurationList;
			buildConfigurations = (
				30B6660E237AEF6300AC85C3 /* Debug */,
				30B6660F237AEF6300AC85C3 /* Release */,
			);
			defaultConfigurationIsVisible = 0;
			defaultConfigurationName = Release;
		};
		30B66610237AEF6300AC85C3 /* Build configuration list for PBXNativeTarget "OMDbAppTests" */ = {
			isa = XCConfigurationList;
			buildConfigurations = (
				30B66611237AEF6300AC85C3 /* Debug */,
				30B66612237AEF6300AC85C3 /* Release */,
			);
			defaultConfigurationIsVisible = 0;
			defaultConfigurationName = Release;
		};
/* End XCConfigurationList section */
	};
	rootObject = 30B665E6237AEF6100AC85C3 /* Project object */;
}
